
Microsoft Visual Studio Solution File, Format Version 12.00
# Visual Studio Version 16
VisualStudioVersion = 16.0.29728.190
MinimumVisualStudioVersion = 10.0.40219.1
Project("{FAE04EC0-301F-11D3-BF4B-00C04F79EFBC}") = "ClassLibrary2", "ClassLibrary2\ClassLibrary2.csproj", "{F158B054-CFB1-4F8E-9286-BFED4E197F0A}"
EndProject
Global
	GlobalSection(SolutionConfigurationPlatforms) = preSolution
		Debug|Any CPU = Debug|Any CPU
		Release|Any CPU = Release|Any CPU
	EndGlobalSection
	GlobalSection(ProjectConfigurationPlatforms) = postSolution
		{F158B054-CFB1-4F8E-9286-BFED4E197F0A}.Debug|Any CPU.ActiveCfg = Debug|Any CPU
		{F158B054-CFB1-4F8E-9286-BFED4E197F0A}.Debug|Any CPU.Build.0 = Debug|Any CPU
		{F158B054-CFB1-4F8E-9286-BFED4E197F0A}.Release|Any CPU.ActiveCfg = Release|Any CPU
		{F158B054-CFB1-4F8E-9286-BFED4E197F0A}.Release|Any CPU.Build.0 = Release|Any CPU
	EndGlobalSection
	GlobalSection(SolutionProperties) = preSolution
		HideSolutionNode = FALSE
	EndGlobalSection
	GlobalSection(ExtensibilityGlobals) = postSolution
		SolutionGuid = {14D8E2F0-D754-4DE6-A74A-04B551BD08BC}
	EndGlobalSection
EndGlobal
